
Microsoft Visual Studio Solution File, Format Version 12.00
# Visual Studio Version 17
VisualStudioVersion = 17.7.34202.233
MinimumVisualStudioVersion = 10.0.40219.1
Project("{FAE04EC0-301F-11D3-BF4B-00C04F79EFBC}") = "wpfaplikace", "wpfaplikace\wpfaplikace.csproj", "{69F5FAC1-D7C4-4796-994E-62658F5DBD09}"
EndProject
Global
	GlobalSection(SolutionConfigurationPlatforms) = preSolution
		Debug|Any CPU = Debug|Any CPU
		Release|Any CPU = Release|Any CPU
	EndGlobalSection
	GlobalSection(ProjectConfigurationPlatforms) = postSolution
		{69F5FAC1-D7C4-4796-994E-62658F5DBD09}.Debug|Any CPU.ActiveCfg = Debug|Any CPU
		{69F5FAC1-D7C4-4796-994E-62658F5DBD09}.Debug|Any CPU.Build.0 = Debug|Any CPU
		{69F5FAC1-D7C4-4796-994E-62658F5DBD09}.Release|Any CPU.ActiveCfg = Release|Any CPU
		{69F5FAC1-D7C4-4796-994E-62658F5DBD09}.Release|Any CPU.Build.0 = Release|Any CPU
	EndGlobalSection
	GlobalSection(SolutionProperties) = preSolution
		HideSolutionNode = FALSE
	EndGlobalSection
	GlobalSection(ExtensibilityGlobals) = postSolution
		SolutionGuid = {01D39FFE-B54C-421F-8F50-4E9A92B5E8D3}
	EndGlobalSection
EndGlobal
